
Microsoft Visual Studio Solution File, Format Version 12.00
# Visual Studio 2013
#
# Automatically generated solution:
# devtools\bin\vpc /hl2 /episodic +everything /mksln everything.sln 
#
#
Project("{8BC9CEB8-8B4A-11D0-8D11-00A0C91BC942}") = "Captioncompiler", "utils\captioncompiler\captioncompiler.vcxproj", "{E85D01E5-DA1B-00A2-5D72-A9B6DEA9A995}"
	ProjectSection(ProjectDependencies) = postProject
		{BAB92FF0-D72A-D7E5-1988-74628D39B94F} = {BAB92FF0-D72A-D7E5-1988-74628D39B94F}
		{EC1C516D-E1D9-BC0A-F79D-E91E954ED8EC} = {EC1C516D-E1D9-BC0A-F79D-E91E954ED8EC}
	EndProjectSection
EndProject
Project("{8BC9CEB8-8B4A-11D0-8D11-00A0C91BC942}") = "Client (HL2)", "game\client\client_hl2.vcxproj", "{09E5D61D-4897-7B98-288B-C87442D14BFF}"
	ProjectSection(ProjectDependencies) = postProject
		{BAB92FF0-D72A-D7E5-1988-74628D39B94F} = {BAB92FF0-D72A-D7E5-1988-74628D39B94F}
		{EC1C516D-E1D9-BC0A-F79D-E91E954ED8EC} = {EC1C516D-E1D9-BC0A-F79D-E91E954ED8EC}
		{F69B3672-C5E8-CD1A-257F-253A25B5B939} = {F69B3672-C5E8-CD1A-257F-253A25B5B939}
	EndProjectSection
EndProject
Project("{8BC9CEB8-8B4A-11D0-8D11-00A0C91BC942}") = "Client (Episodic)", "game\client\client_episodic.vcxproj", "{353A799F-E73F-7A69-07AD-B2AD57F3B775}"
	ProjectSection(ProjectDependencies) = postProject
		{BAB92FF0-D72A-D7E5-1988-74628D39B94F} = {BAB92FF0-D72A-D7E5-1988-74628D39B94F}
		{EC1C516D-E1D9-BC0A-F79D-E91E954ED8EC} = {EC1C516D-E1D9-BC0A-F79D-E91E954ED8EC}
		{F69B3672-C5E8-CD1A-257F-253A25B5B939} = {F69B3672-C5E8-CD1A-257F-253A25B5B939}
	EndProjectSection
EndProject
Project("{8BC9CEB8-8B4A-11D0-8D11-00A0C91BC942}") = "Fgdlib", "fgdlib\fgdlib.vcxproj", "{A2ACA839-712B-1CD6-60AA-5D1BC7C8BAE6}"
EndProject
Project("{8BC9CEB8-8B4A-11D0-8D11-00A0C91BC942}") = "Shaders (HL2)", "materialsystem\stdshaders\game_shader_dx9_hl2.vcxproj", "{74805285-4145-C5A1-26B3-11567E18F6FB}"
	ProjectSection(ProjectDependencies) = postProject
		{BAB92FF0-D72A-D7E5-1988-74628D39B94F} = {BAB92FF0-D72A-D7E5-1988-74628D39B94F}
		{EC1C516D-E1D9-BC0A-F79D-E91E954ED8EC} = {EC1C516D-E1D9-BC0A-F79D-E91E954ED8EC}
	EndProjectSection
EndProject
Project("{8BC9CEB8-8B4A-11D0-8D11-00A0C91BC942}") = "Shaders (Episodic)", "materialsystem\stdshaders\game_shader_dx9_episodic.vcxproj", "{73F37A6E-6BFF-33FB-E47D-67E8212A7C6D}"
	ProjectSection(ProjectDependencies) = postProject
		{BAB92FF0-D72A-D7E5-1988-74628D39B94F} = {BAB92FF0-D72A-D7E5-1988-74628D39B94F}
		{EC1C516D-E1D9-BC0A-F79D-E91E954ED8EC} = {EC1C516D-E1D9-BC0A-F79D-E91E954ED8EC}
	EndProjectSection
EndProject
Project("{8BC9CEB8-8B4A-11D0-8D11-00A0C91BC942}") = "Glview", "utils\glview\glview.vcxproj", "{DC76828F-1DD4-7E83-371E-EA4058FEE050}"
	ProjectSection(ProjectDependencies) = postProject
		{BAB92FF0-D72A-D7E5-1988-74628D39B94F} = {BAB92FF0-D72A-D7E5-1988-74628D39B94F}
		{EC1C516D-E1D9-BC0A-F79D-E91E954ED8EC} = {EC1C516D-E1D9-BC0A-F79D-E91E954ED8EC}
	EndProjectSection
EndProject
Project("{8BC9CEB8-8B4A-11D0-8D11-00A0C91BC942}") = "Height2normal", "utils\height2normal\height2normal.vcxproj", "{129A563E-9F48-79D9-E0C5-EE2DAF7FEAB7}"
	ProjectSection(ProjectDependencies) = postProject
		{BAB92FF0-D72A-D7E5-1988-74628D39B94F} = {BAB92FF0-D72A-D7E5-1988-74628D39B94F}
		{EC1C516D-E1D9-BC0A-F79D-E91E954ED8EC} = {EC1C516D-E1D9-BC0A-F79D-E91E954ED8EC}
	EndProjectSection
EndProject
Project("{8BC9CEB8-8B4A-11D0-8D11-00A0C91BC942}") = "mathlib", "mathlib\mathlib.vcxproj", "{BAB92FF0-D72A-D7E5-1988-74628D39B94F}"
EndProject
Project("{8BC9CEB8-8B4A-11D0-8D11-00A0C91BC942}") = "Motionmapper", "utils\motionmapper\motionmapper.vcxproj", "{C805838C-256D-6672-3417-589B6AF7D95E}"
	ProjectSection(ProjectDependencies) = postProject
		{BAB92FF0-D72A-D7E5-1988-74628D39B94F} = {BAB92FF0-D72A-D7E5-1988-74628D39B94F}
		{EC1C516D-E1D9-BC0A-F79D-E91E954ED8EC} = {EC1C516D-E1D9-BC0A-F79D-E91E954ED8EC}
	EndProjectSection
EndProject
Project("{8BC9CEB8-8B4A-11D0-8D11-00A0C91BC942}") = "Phonemeextractor", "utils\phonemeextractor\phonemeextractor.vcxproj", "{079933D6-F849-3176-49FC-D50E4B461AC4}"
	ProjectSection(ProjectDependencies) = postProject
		{BAB92FF0-D72A-D7E5-1988-74628D39B94F} = {BAB92FF0-D72A-D7E5-1988-74628D39B94F}
		{EC1C516D-E1D9-BC0A-F79D-E91E954ED8EC} = {EC1C516D-E1D9-BC0A-F79D-E91E954ED8EC}
	EndProjectSection
EndProject
Project("{8BC9CEB8-8B4A-11D0-8D11-00A0C91BC942}") = "QC_Eyes", "utils\qc_eyes\qc_eyes.vcxproj", "{EA02FAE0-2A4F-C7C8-6176-5DEDA8E139E9}"
	ProjectSection(ProjectDependencies) = postProject
		{EC1C516D-E1D9-BC0A-F79D-E91E954ED8EC} = {EC1C516D-E1D9-BC0A-F79D-E91E954ED8EC}
	EndProjectSection
EndProject
Project("{8BC9CEB8-8B4A-11D0-8D11-00A0C91BC942}") = "Raytrace", "raytrace\raytrace.vcxproj", "{95D67225-8415-236F-9128-DCB171B7DEC6}"
EndProject
Project("{8BC9CEB8-8B4A-11D0-8D11-00A0C91BC942}") = "Server (HL2)", "game\server\server_hl2.vcxproj", "{C3EE918E-6836-5578-1FA2-5703048552B9}"
	ProjectSection(ProjectDependencies) = postProject
		{BAB92FF0-D72A-D7E5-1988-74628D39B94F} = {BAB92FF0-D72A-D7E5-1988-74628D39B94F}
		{EC1C516D-E1D9-BC0A-F79D-E91E954ED8EC} = {EC1C516D-E1D9-BC0A-F79D-E91E954ED8EC}
	EndProjectSection
EndProject
Project("{8BC9CEB8-8B4A-11D0-8D11-00A0C91BC942}") = "Server (Episodic)", "game\server\server_episodic.vcxproj", "{7855B476-B6D4-535D-F7A9-D623245F8B07}"
	ProjectSection(ProjectDependencies) = postProject
		{BAB92FF0-D72A-D7E5-1988-74628D39B94F} = {BAB92FF0-D72A-D7E5-1988-74628D39B94F}
		{EC1C516D-E1D9-BC0A-F79D-E91E954ED8EC} = {EC1C516D-E1D9-BC0A-F79D-E91E954ED8EC}
	EndProjectSection
EndProject
Project("{8BC9CEB8-8B4A-11D0-8D11-00A0C91BC942}") = "Serverplugin_empty", "utils\serverplugin_sample\serverplugin_empty.vcxproj", "{394B82B6-3999-E576-5458-2D2EB4229509}"
	ProjectSection(ProjectDependencies) = postProject
		{BAB92FF0-D72A-D7E5-1988-74628D39B94F} = {BAB92FF0-D72A-D7E5-1988-74628D39B94F}
		{EC1C516D-E1D9-BC0A-F79D-E91E954ED8EC} = {EC1C516D-E1D9-BC0A-F79D-E91E954ED8EC}
	EndProjectSection
EndProject
Project("{8BC9CEB8-8B4A-11D0-8D11-00A0C91BC942}") = "Tgadiff", "utils\tgadiff\tgadiff.vcxproj", "{C6A1B4E3-DFD8-CD7B-5CBF-D3267A96FF21}"
	ProjectSection(ProjectDependencies) = postProject
		{BAB92FF0-D72A-D7E5-1988-74628D39B94F} = {BAB92FF0-D72A-D7E5-1988-74628D39B94F}
		{EC1C516D-E1D9-BC0A-F79D-E91E954ED8EC} = {EC1C516D-E1D9-BC0A-F79D-E91E954ED8EC}
	EndProjectSection
EndProject
Project("{8BC9CEB8-8B4A-11D0-8D11-00A0C91BC942}") = "tier1", "tier1\tier1.vcxproj", "{EC1C516D-E1D9-BC0A-F79D-E91E954ED8EC}"
EndProject
Project("{8BC9CEB8-8B4A-11D0-8D11-00A0C91BC942}") = "Vbsp", "utils\vbsp\vbsp.vcxproj", "{E4F39B89-9731-571D-B69D-C1B8FE56C056}"
	ProjectSection(ProjectDependencies) = postProject
		{A2ACA839-712B-1CD6-60AA-5D1BC7C8BAE6} = {A2ACA839-712B-1CD6-60AA-5D1BC7C8BAE6}
		{BAB92FF0-D72A-D7E5-1988-74628D39B94F} = {BAB92FF0-D72A-D7E5-1988-74628D39B94F}
		{EC1C516D-E1D9-BC0A-F79D-E91E954ED8EC} = {EC1C516D-E1D9-BC0A-F79D-E91E954ED8EC}
	EndProjectSection
EndProject
Project("{8BC9CEB8-8B4A-11D0-8D11-00A0C91BC942}") = "vgui_controls", "vgui2\vgui_controls\vgui_controls.vcxproj", "{F69B3672-C5E8-CD1A-257F-253A25B5B939}"
EndProject
Project("{8BC9CEB8-8B4A-11D0-8D11-00A0C91BC942}") = "Vice", "utils\vice\vice.vcxproj", "{03F753C0-8BA5-FF2B-D7D2-EE230B4683B1}"
	ProjectSection(ProjectDependencies) = postProject
		{BAB92FF0-D72A-D7E5-1988-74628D39B94F} = {BAB92FF0-D72A-D7E5-1988-74628D39B94F}
		{EC1C516D-E1D9-BC0A-F79D-E91E954ED8EC} = {EC1C516D-E1D9-BC0A-F79D-E91E954ED8EC}
	EndProjectSection
EndProject
Project("{8BC9CEB8-8B4A-11D0-8D11-00A0C91BC942}") = "Vrad_dll", "utils\vrad\vrad_dll.vcxproj", "{90A78BD4-2532-39D9-6D34-7A3C2648508C}"
	ProjectSection(ProjectDependencies) = postProject
		{BAB92FF0-D72A-D7E5-1988-74628D39B94F} = {BAB92FF0-D72A-D7E5-1988-74628D39B94F}
		{95D67225-8415-236F-9128-DCB171B7DEC6} = {95D67225-8415-236F-9128-DCB171B7DEC6}
		{EC1C516D-E1D9-BC0A-F79D-E91E954ED8EC} = {EC1C516D-E1D9-BC0A-F79D-E91E954ED8EC}
	EndProjectSection
EndProject
Project("{8BC9CEB8-8B4A-11D0-8D11-00A0C91BC942}") = "Vrad_launcher", "utils\vrad_launcher\vrad_launcher.vcxproj", "{0B6929D0-4447-E035-E47A-EBFCE557D5B3}"
	ProjectSection(ProjectDependencies) = postProject
		{EC1C516D-E1D9-BC0A-F79D-E91E954ED8EC} = {EC1C516D-E1D9-BC0A-F79D-E91E954ED8EC}
	EndProjectSection
EndProject
Project("{8BC9CEB8-8B4A-11D0-8D11-00A0C91BC942}") = "Vtf2tga", "utils\vtf2tga\vtf2tga.vcxproj", "{6B017447-F682-A137-8DF4-4608281F2C9F}"
	ProjectSection(ProjectDependencies) = postProject
		{BAB92FF0-D72A-D7E5-1988-74628D39B94F} = {BAB92FF0-D72A-D7E5-1988-74628D39B94F}
		{EC1C516D-E1D9-BC0A-F79D-E91E954ED8EC} = {EC1C516D-E1D9-BC0A-F79D-E91E954ED8EC}
	EndProjectSection
EndProject
Project("{8BC9CEB8-8B4A-11D0-8D11-00A0C91BC942}") = "Vtfdiff", "utils\vtfdiff\vtfdiff.vcxproj", "{81EE9F71-4DFD-8670-B3EA-7B4E931E9845}"
	ProjectSection(ProjectDependencies) = postProject
		{BAB92FF0-D72A-D7E5-1988-74628D39B94F} = {BAB92FF0-D72A-D7E5-1988-74628D39B94F}
		{EC1C516D-E1D9-BC0A-F79D-E91E954ED8EC} = {EC1C516D-E1D9-BC0A-F79D-E91E954ED8EC}
	EndProjectSection
EndProject
Project("{8BC9CEB8-8B4A-11D0-8D11-00A0C91BC942}") = "Vvis_dll", "utils\vvis\vvis_dll.vcxproj", "{AC70A841-561F-4DAE-7864-E50541AD99ED}"
	ProjectSection(ProjectDependencies) = postProject
		{BAB92FF0-D72A-D7E5-1988-74628D39B94F} = {BAB92FF0-D72A-D7E5-1988-74628D39B94F}
		{EC1C516D-E1D9-BC0A-F79D-E91E954ED8EC} = {EC1C516D-E1D9-BC0A-F79D-E91E954ED8EC}
	EndProjectSection
EndProject
Project("{8BC9CEB8-8B4A-11D0-8D11-00A0C91BC942}") = "Vvis_launcher", "utils\vvis_launcher\vvis_launcher.vcxproj", "{E3E2CF1C-9EE4-3173-C39F-D0D4F5483CB6}"
	ProjectSection(ProjectDependencies) = postProject
		{EC1C516D-E1D9-BC0A-F79D-E91E954ED8EC} = {EC1C516D-E1D9-BC0A-F79D-E91E954ED8EC}
	EndProjectSection
EndProject
