
Microsoft Visual Studio Solution File, Format Version 12.00
# Visual Studio Express 2013 for Windows Desktop
VisualStudioVersion = 12.0.40629.0
MinimumVisualStudioVersion = 10.0.40219.1
Project("{8BC9CEB8-8B4A-11D0-8D11-00A0C91BC942}") = "Client (HL2)", "game\client\client_hl2.vcxproj", "{09E5D61D-4897-7B98-288B-C87442D14BFF}"
	ProjectSection(ProjectDependencies) = postProject
		{BAB92FF0-D72A-D7E5-1988-74628D39B94F} = {BAB92FF0-D72A-D7E5-1988-74628D39B94F}
		{EC1C516D-E1D9-BC0A-F79D-E91E954ED8EC} = {EC1C516D-E1D9-BC0A-F79D-E91E954ED8EC}
		{F69B3672-C5E8-CD1A-257F-253A25B5B939} = {F69B3672-C5E8-CD1A-257F-253A25B5B939}
	EndProjectSection
EndProject
Project("{8BC9CEB8-8B4A-11D0-8D11-00A0C91BC942}") = "Client (Episodic)", "game\client\client_episodic.vcxproj", "{353A799F-E73F-7A69-07AD-B2AD57F3B775}"
	ProjectSection(ProjectDependencies) = postProject
		{BAB92FF0-D72A-D7E5-1988-74628D39B94F} = {BAB92FF0-D72A-D7E5-1988-74628D39B94F}
		{EC1C516D-E1D9-BC0A-F79D-E91E954ED8EC} = {EC1C516D-E1D9-BC0A-F79D-E91E954ED8EC}
		{F69B3672-C5E8-CD1A-257F-253A25B5B939} = {F69B3672-C5E8-CD1A-257F-253A25B5B939}
	EndProjectSection
EndProject
Project("{8BC9CEB8-8B4A-11D0-8D11-00A0C91BC942}") = "mathlib", "mathlib\mathlib.vcxproj", "{BAB92FF0-D72A-D7E5-1988-74628D39B94F}"
EndProject
Project("{8BC9CEB8-8B4A-11D0-8D11-00A0C91BC942}") = "Raytrace", "raytrace\raytrace.vcxproj", "{95D67225-8415-236F-9128-DCB171B7DEC6}"
EndProject
Project("{8BC9CEB8-8B4A-11D0-8D11-00A0C91BC942}") = "Server (HL2)", "game\server\server_hl2.vcxproj", "{C3EE918E-6836-5578-1FA2-5703048552B9}"
	ProjectSection(ProjectDependencies) = postProject
		{BAB92FF0-D72A-D7E5-1988-74628D39B94F} = {BAB92FF0-D72A-D7E5-1988-74628D39B94F}
		{EC1C516D-E1D9-BC0A-F79D-E91E954ED8EC} = {EC1C516D-E1D9-BC0A-F79D-E91E954ED8EC}
	EndProjectSection
EndProject
Project("{8BC9CEB8-8B4A-11D0-8D11-00A0C91BC942}") = "Server (Episodic)", "game\server\server_episodic.vcxproj", "{7855B476-B6D4-535D-F7A9-D623245F8B07}"
	ProjectSection(ProjectDependencies) = postProject
		{BAB92FF0-D72A-D7E5-1988-74628D39B94F} = {BAB92FF0-D72A-D7E5-1988-74628D39B94F}
		{EC1C516D-E1D9-BC0A-F79D-E91E954ED8EC} = {EC1C516D-E1D9-BC0A-F79D-E91E954ED8EC}
	EndProjectSection
EndProject
Project("{8BC9CEB8-8B4A-11D0-8D11-00A0C91BC942}") = "tier1", "tier1\tier1.vcxproj", "{EC1C516D-E1D9-BC0A-F79D-E91E954ED8EC}"
EndProject
Project("{8BC9CEB8-8B4A-11D0-8D11-00A0C91BC942}") = "vgui_controls", "vgui2\vgui_controls\vgui_controls.vcxproj", "{F69B3672-C5E8-CD1A-257F-253A25B5B939}"
EndProject
Global
	GlobalSection(SolutionConfigurationPlatforms) = preSolution
		Debug|Win32 = Debug|Win32
		Release|Win32 = Release|Win32
	EndGlobalSection
	GlobalSection(ProjectConfigurationPlatforms) = postSolution
		{09E5D61D-4897-7B98-288B-C87442D14BFF}.Debug|Win32.ActiveCfg = Debug|Win32
		{09E5D61D-4897-7B98-288B-C87442D14BFF}.Debug|Win32.Build.0 = Debug|Win32
		{09E5D61D-4897-7B98-288B-C87442D14BFF}.Release|Win32.ActiveCfg = Release|Win32
		{09E5D61D-4897-7B98-288B-C87442D14BFF}.Release|Win32.Build.0 = Release|Win32
		{353A799F-E73F-7A69-07AD-B2AD57F3B775}.Debug|Win32.ActiveCfg = Debug|Win32
		{353A799F-E73F-7A69-07AD-B2AD57F3B775}.Debug|Win32.Build.0 = Debug|Win32
		{353A799F-E73F-7A69-07AD-B2AD57F3B775}.Release|Win32.ActiveCfg = Release|Win32
		{353A799F-E73F-7A69-07AD-B2AD57F3B775}.Release|Win32.Build.0 = Release|Win32
		{BAB92FF0-D72A-D7E5-1988-74628D39B94F}.Debug|Win32.ActiveCfg = Debug|Win32
		{BAB92FF0-D72A-D7E5-1988-74628D39B94F}.Debug|Win32.Build.0 = Debug|Win32
		{BAB92FF0-D72A-D7E5-1988-74628D39B94F}.Release|Win32.ActiveCfg = Release|Win32
		{BAB92FF0-D72A-D7E5-1988-74628D39B94F}.Release|Win32.Build.0 = Release|Win32
		{95D67225-8415-236F-9128-DCB171B7DEC6}.Debug|Win32.ActiveCfg = Debug|Win32
		{95D67225-8415-236F-9128-DCB171B7DEC6}.Debug|Win32.Build.0 = Debug|Win32
		{95D67225-8415-236F-9128-DCB171B7DEC6}.Release|Win32.ActiveCfg = Release|Win32
		{95D67225-8415-236F-9128-DCB171B7DEC6}.Release|Win32.Build.0 = Release|Win32
		{C3EE918E-6836-5578-1FA2-5703048552B9}.Debug|Win32.ActiveCfg = Debug|Win32
		{C3EE918E-6836-5578-1FA2-5703048552B9}.Debug|Win32.Build.0 = Debug|Win32
		{C3EE918E-6836-5578-1FA2-5703048552B9}.Release|Win32.ActiveCfg = Release|Win32
		{C3EE918E-6836-5578-1FA2-5703048552B9}.Release|Win32.Build.0 = Release|Win32
		{7855B476-B6D4-535D-F7A9-D623245F8B07}.Debug|Win32.ActiveCfg = Debug|Win32
		{7855B476-B6D4-535D-F7A9-D623245F8B07}.Debug|Win32.Build.0 = Debug|Win32
		{7855B476-B6D4-535D-F7A9-D623245F8B07}.Release|Win32.ActiveCfg = Release|Win32
		{7855B476-B6D4-535D-F7A9-D623245F8B07}.Release|Win32.Build.0 = Release|Win32
		{EC1C516D-E1D9-BC0A-F79D-E91E954ED8EC}.Debug|Win32.ActiveCfg = Debug|Win32
		{EC1C516D-E1D9-BC0A-F79D-E91E954ED8EC}.Debug|Win32.Build.0 = Debug|Win32
		{EC1C516D-E1D9-BC0A-F79D-E91E954ED8EC}.Release|Win32.ActiveCfg = Release|Win32
		{EC1C516D-E1D9-BC0A-F79D-E91E954ED8EC}.Release|Win32.Build.0 = Release|Win32
		{F69B3672-C5E8-CD1A-257F-253A25B5B939}.Debug|Win32.ActiveCfg = Debug|Win32
		{F69B3672-C5E8-CD1A-257F-253A25B5B939}.Debug|Win32.Build.0 = Debug|Win32
		{F69B3672-C5E8-CD1A-257F-253A25B5B939}.Release|Win32.ActiveCfg = Release|Win32
		{F69B3672-C5E8-CD1A-257F-253A25B5B939}.Release|Win32.Build.0 = Release|Win32
	EndGlobalSection
	GlobalSection(SolutionProperties) = preSolution
		HideSolutionNode = FALSE
	EndGlobalSection
EndGlobal
